
Microsoft Visual Studio Solution File, Format Version 12.00
# Visual Studio Version 17
VisualStudioVersion = 17.6.33829.357
MinimumVisualStudioVersion = 10.0.40219.1
Project("{FAE04EC0-301F-11D3-BF4B-00C04F79EFBC}") = "Thead_test", "Thead_test\Thead_test.csproj", "{1DEAC585-9CD8-47D7-A81C-A019892A5846}"
EndProject
Global
	GlobalSection(SolutionConfigurationPlatforms) = preSolution
		Debug|Any CPU = Debug|Any CPU
		Release|Any CPU = Release|Any CPU
	EndGlobalSection
	GlobalSection(ProjectConfigurationPlatforms) = postSolution
		{1DEAC585-9CD8-47D7-A81C-A019892A5846}.Debug|Any CPU.ActiveCfg = Debug|Any CPU
		{1DEAC585-9CD8-47D7-A81C-A019892A5846}.Debug|Any CPU.Build.0 = Debug|Any CPU
		{1DEAC585-9CD8-47D7-A81C-A019892A5846}.Release|Any CPU.ActiveCfg = Release|Any CPU
		{1DEAC585-9CD8-47D7-A81C-A019892A5846}.Release|Any CPU.Build.0 = Release|Any CPU
	EndGlobalSection
	GlobalSection(SolutionProperties) = preSolution
		HideSolutionNode = FALSE
	EndGlobalSection
	GlobalSection(ExtensibilityGlobals) = postSolution
		SolutionGuid = {48CE6433-D232-4505-915F-658ED77EF73B}
	EndGlobalSection
EndGlobal
