
Microsoft Visual Studio Solution File, Format Version 12.00
# Visual Studio Version 16
VisualStudioVersion = 16.0.31205.134
MinimumVisualStudioVersion = 10.0.40219.1
Project("{FAE04EC0-301F-11D3-BF4B-00C04F79EFBC}") = "Lab_Controller", "Lab_Controller\Lab_Controller.csproj", "{E4DA9700-69D8-4973-849D-CDD043BF4ADC}"
EndProject
Global
	GlobalSection(SolutionConfigurationPlatforms) = preSolution
		Debug|Any CPU = Debug|Any CPU
		Release|Any CPU = Release|Any CPU
	EndGlobalSection
	GlobalSection(ProjectConfigurationPlatforms) = postSolution
		{E4DA9700-69D8-4973-849D-CDD043BF4ADC}.Debug|Any CPU.ActiveCfg = Debug|Any CPU
		{E4DA9700-69D8-4973-849D-CDD043BF4ADC}.Debug|Any CPU.Build.0 = Debug|Any CPU
		{E4DA9700-69D8-4973-849D-CDD043BF4ADC}.Release|Any CPU.ActiveCfg = Release|Any CPU
		{E4DA9700-69D8-4973-849D-CDD043BF4ADC}.Release|Any CPU.Build.0 = Release|Any CPU
	EndGlobalSection
	GlobalSection(SolutionProperties) = preSolution
		HideSolutionNode = FALSE
	EndGlobalSection
	GlobalSection(ExtensibilityGlobals) = postSolution
		SolutionGuid = {62A45D37-1266-40A6-B1B0-12A929E4D4E5}
	EndGlobalSection
EndGlobal
