
Microsoft Visual Studio Solution File, Format Version 12.00
# Visual Studio Version 17
VisualStudioVersion = 17.6.33829.357
MinimumVisualStudioVersion = 10.0.40219.1
Project("{FAE04EC0-301F-11D3-BF4B-00C04F79EFBC}") = "ModelValidation", "ModelValidation\ModelValidation.csproj", "{1B09889C-4A64-4FDC-93D5-C6A5131EB400}"
EndProject
Global
	GlobalSection(SolutionConfigurationPlatforms) = preSolution
		Debug|Any CPU = Debug|Any CPU
		Release|Any CPU = Release|Any CPU
	EndGlobalSection
	GlobalSection(ProjectConfigurationPlatforms) = postSolution
		{1B09889C-4A64-4FDC-93D5-C6A5131EB400}.Debug|Any CPU.ActiveCfg = Debug|Any CPU
		{1B09889C-4A64-4FDC-93D5-C6A5131EB400}.Debug|Any CPU.Build.0 = Debug|Any CPU
		{1B09889C-4A64-4FDC-93D5-C6A5131EB400}.Release|Any CPU.ActiveCfg = Release|Any CPU
		{1B09889C-4A64-4FDC-93D5-C6A5131EB400}.Release|Any CPU.Build.0 = Release|Any CPU
	EndGlobalSection
	GlobalSection(SolutionProperties) = preSolution
		HideSolutionNode = FALSE
	EndGlobalSection
	GlobalSection(ExtensibilityGlobals) = postSolution
		SolutionGuid = {F5F88E7C-29BD-4992-BE57-B206E2DDD192}
	EndGlobalSection
EndGlobal
