
Microsoft Visual Studio Solution File, Format Version 12.00
# Visual Studio Version 17
VisualStudioVersion = 17.6.33815.320
MinimumVisualStudioVersion = 10.0.40219.1
Project("{FAE04EC0-301F-11D3-BF4B-00C04F79EFBC}") = "C_sharp_course", "C_sharp_course\C_sharp_course.csproj", "{97EE51D5-6C4B-4DBD-A9F2-E5C8CD5931D9}"
EndProject
Global
	GlobalSection(SolutionConfigurationPlatforms) = preSolution
		Debug|Any CPU = Debug|Any CPU
		Release|Any CPU = Release|Any CPU
	EndGlobalSection
	GlobalSection(ProjectConfigurationPlatforms) = postSolution
		{97EE51D5-6C4B-4DBD-A9F2-E5C8CD5931D9}.Debug|Any CPU.ActiveCfg = Debug|Any CPU
		{97EE51D5-6C4B-4DBD-A9F2-E5C8CD5931D9}.Debug|Any CPU.Build.0 = Debug|Any CPU
		{97EE51D5-6C4B-4DBD-A9F2-E5C8CD5931D9}.Release|Any CPU.ActiveCfg = Release|Any CPU
		{97EE51D5-6C4B-4DBD-A9F2-E5C8CD5931D9}.Release|Any CPU.Build.0 = Release|Any CPU
	EndGlobalSection
	GlobalSection(SolutionProperties) = preSolution
		HideSolutionNode = FALSE
	EndGlobalSection
	GlobalSection(ExtensibilityGlobals) = postSolution
		SolutionGuid = {0AA8BFF9-51AE-4D42-9698-780F6489E50D}
	EndGlobalSection
EndGlobal
