
Microsoft Visual Studio Solution File, Format Version 12.00
# Visual Studio Version 17
VisualStudioVersion = 17.6.33815.320
MinimumVisualStudioVersion = 10.0.40219.1
Project("{FAE04EC0-301F-11D3-BF4B-00C04F79EFBC}") = "RazorViews", "RazorViews\RazorViews.csproj", "{0B707C55-4DC9-4AE2-AD63-C32D6B0C7F7D}"
EndProject
Global
	GlobalSection(SolutionConfigurationPlatforms) = preSolution
		Debug|Any CPU = Debug|Any CPU
		Release|Any CPU = Release|Any CPU
	EndGlobalSection
	GlobalSection(ProjectConfigurationPlatforms) = postSolution
		{0B707C55-4DC9-4AE2-AD63-C32D6B0C7F7D}.Debug|Any CPU.ActiveCfg = Debug|Any CPU
		{0B707C55-4DC9-4AE2-AD63-C32D6B0C7F7D}.Debug|Any CPU.Build.0 = Debug|Any CPU
		{0B707C55-4DC9-4AE2-AD63-C32D6B0C7F7D}.Release|Any CPU.ActiveCfg = Release|Any CPU
		{0B707C55-4DC9-4AE2-AD63-C32D6B0C7F7D}.Release|Any CPU.Build.0 = Release|Any CPU
	EndGlobalSection
	GlobalSection(SolutionProperties) = preSolution
		HideSolutionNode = FALSE
	EndGlobalSection
	GlobalSection(ExtensibilityGlobals) = postSolution
		SolutionGuid = {6B173DCD-C128-4DF3-A080-3C70E313C3A7}
	EndGlobalSection
EndGlobal
