
Microsoft Visual Studio Solution File, Format Version 12.00
# Visual Studio Version 17
VisualStudioVersion = 17.6.33829.357
MinimumVisualStudioVersion = 10.0.40219.1
Project("{9A19103F-16F7-4668-BE54-9A1E7A4F7556}") = "Delegate", "Delegate\Delegate.csproj", "{F2AB8ABA-435B-4FBE-8947-0024996D4399}"
EndProject
Project("{FAE04EC0-301F-11D3-BF4B-00C04F79EFBC}") = "delegate_covariance", "delegate_covariance\delegate_covariance.csproj", "{74358470-C9A1-47F4-B6A7-96BDDB79D91B}"
EndProject
Global
	GlobalSection(SolutionConfigurationPlatforms) = preSolution
		Debug|Any CPU = Debug|Any CPU
		Release|Any CPU = Release|Any CPU
	EndGlobalSection
	GlobalSection(ProjectConfigurationPlatforms) = postSolution
		{F2AB8ABA-435B-4FBE-8947-0024996D4399}.Debug|Any CPU.ActiveCfg = Debug|Any CPU
		{F2AB8ABA-435B-4FBE-8947-0024996D4399}.Debug|Any CPU.Build.0 = Debug|Any CPU
		{F2AB8ABA-435B-4FBE-8947-0024996D4399}.Release|Any CPU.ActiveCfg = Release|Any CPU
		{F2AB8ABA-435B-4FBE-8947-0024996D4399}.Release|Any CPU.Build.0 = Release|Any CPU
		{74358470-C9A1-47F4-B6A7-96BDDB79D91B}.Debug|Any CPU.ActiveCfg = Debug|Any CPU
		{74358470-C9A1-47F4-B6A7-96BDDB79D91B}.Debug|Any CPU.Build.0 = Debug|Any CPU
		{74358470-C9A1-47F4-B6A7-96BDDB79D91B}.Release|Any CPU.ActiveCfg = Release|Any CPU
		{74358470-C9A1-47F4-B6A7-96BDDB79D91B}.Release|Any CPU.Build.0 = Release|Any CPU
	EndGlobalSection
	GlobalSection(SolutionProperties) = preSolution
		HideSolutionNode = FALSE
	EndGlobalSection
	GlobalSection(ExtensibilityGlobals) = postSolution
		SolutionGuid = {9E5D39E9-9E3F-4F85-9965-D306C79B3EC9}
	EndGlobalSection
EndGlobal
