
Microsoft Visual Studio Solution File, Format Version 12.00
# Visual Studio Version 17
VisualStudioVersion = 17.6.33815.320
MinimumVisualStudioVersion = 10.0.40219.1
Project("{FAE04EC0-301F-11D3-BF4B-00C04F79EFBC}") = "arch_seperate", "arch_seperate\arch_seperate.csproj", "{D63CF450-37F4-4413-A2A7-133D583410A9}"
EndProject
Global
	GlobalSection(SolutionConfigurationPlatforms) = preSolution
		Debug|Any CPU = Debug|Any CPU
		Release|Any CPU = Release|Any CPU
	EndGlobalSection
	GlobalSection(ProjectConfigurationPlatforms) = postSolution
		{D63CF450-37F4-4413-A2A7-133D583410A9}.Debug|Any CPU.ActiveCfg = Debug|Any CPU
		{D63CF450-37F4-4413-A2A7-133D583410A9}.Debug|Any CPU.Build.0 = Debug|Any CPU
		{D63CF450-37F4-4413-A2A7-133D583410A9}.Release|Any CPU.ActiveCfg = Release|Any CPU
		{D63CF450-37F4-4413-A2A7-133D583410A9}.Release|Any CPU.Build.0 = Release|Any CPU
	EndGlobalSection
	GlobalSection(SolutionProperties) = preSolution
		HideSolutionNode = FALSE
	EndGlobalSection
	GlobalSection(ExtensibilityGlobals) = postSolution
		SolutionGuid = {9F627DC8-AE8C-4C71-90BD-AEB54A5BB1C2}
	EndGlobalSection
EndGlobal
