
Microsoft Visual Studio Solution File, Format Version 12.00
# Visual Studio Version 17
VisualStudioVersion = 17.6.33815.320
MinimumVisualStudioVersion = 10.0.40219.1
Project("{FAE04EC0-301F-11D3-BF4B-00C04F79EFBC}") = "LayoutViews_test", "LayoutViews_test\LayoutViews_test.csproj", "{4CABADCA-0716-4B5B-B2B3-55E8799DDE72}"
EndProject
Global
	GlobalSection(SolutionConfigurationPlatforms) = preSolution
		Debug|Any CPU = Debug|Any CPU
		Release|Any CPU = Release|Any CPU
	EndGlobalSection
	GlobalSection(ProjectConfigurationPlatforms) = postSolution
		{4CABADCA-0716-4B5B-B2B3-55E8799DDE72}.Debug|Any CPU.ActiveCfg = Debug|Any CPU
		{4CABADCA-0716-4B5B-B2B3-55E8799DDE72}.Debug|Any CPU.Build.0 = Debug|Any CPU
		{4CABADCA-0716-4B5B-B2B3-55E8799DDE72}.Release|Any CPU.ActiveCfg = Release|Any CPU
		{4CABADCA-0716-4B5B-B2B3-55E8799DDE72}.Release|Any CPU.Build.0 = Release|Any CPU
	EndGlobalSection
	GlobalSection(SolutionProperties) = preSolution
		HideSolutionNode = FALSE
	EndGlobalSection
	GlobalSection(ExtensibilityGlobals) = postSolution
		SolutionGuid = {3912896F-267E-41D2-9C00-82E1E73815E9}
	EndGlobalSection
EndGlobal
