
Microsoft Visual Studio Solution File, Format Version 12.00
# Visual Studio Version 17
VisualStudioVersion = 17.6.33815.320
MinimumVisualStudioVersion = 10.0.40219.1
Project("{FAE04EC0-301F-11D3-BF4B-00C04F79EFBC}") = "FiveInRow", "FiveInRow\FiveInRow.csproj", "{A51660E4-0006-40C0-A48A-15A2DA9E3E8D}"
EndProject
Global
	GlobalSection(SolutionConfigurationPlatforms) = preSolution
		Debug|Any CPU = Debug|Any CPU
		Release|Any CPU = Release|Any CPU
	EndGlobalSection
	GlobalSection(ProjectConfigurationPlatforms) = postSolution
		{A51660E4-0006-40C0-A48A-15A2DA9E3E8D}.Debug|Any CPU.ActiveCfg = Debug|Any CPU
		{A51660E4-0006-40C0-A48A-15A2DA9E3E8D}.Debug|Any CPU.Build.0 = Debug|Any CPU
		{A51660E4-0006-40C0-A48A-15A2DA9E3E8D}.Release|Any CPU.ActiveCfg = Release|Any CPU
		{A51660E4-0006-40C0-A48A-15A2DA9E3E8D}.Release|Any CPU.Build.0 = Release|Any CPU
	EndGlobalSection
	GlobalSection(SolutionProperties) = preSolution
		HideSolutionNode = FALSE
	EndGlobalSection
	GlobalSection(ExtensibilityGlobals) = postSolution
		SolutionGuid = {77E1EE2A-6B5B-4B59-B5BB-B62303D2CE1B}
	EndGlobalSection
EndGlobal
