
Microsoft Visual Studio Solution File, Format Version 12.00
# Visual Studio Version 17
VisualStudioVersion = 17.5.33530.505
MinimumVisualStudioVersion = 10.0.40219.1
Project("{FAE04EC0-301F-11D3-BF4B-00C04F79EFBC}") = "Lab0511", "Lab0511\Lab0511.csproj", "{21385312-4852-484C-BB8B-E489109CCACC}"
EndProject
Project("{FAE04EC0-301F-11D3-BF4B-00C04F79EFBC}") = "Lab0504", "Lab0504\Lab0504.csproj", "{72FDC971-AE21-4422-BE29-A8DC5455C2AF}"
EndProject
Project("{FAE04EC0-301F-11D3-BF4B-00C04F79EFBC}") = "Lab0512", "Lab0512\Lab0512.csproj", "{3383E42E-7978-492E-BCFA-8F527095A1B6}"
EndProject
Project("{FAE04EC0-301F-11D3-BF4B-00C04F79EFBC}") = "Lab0505", "Lab0505\Lab0505.csproj", "{F6F0B6D4-DB3E-44E9-91A1-75957F00BF55}"
EndProject
Project("{FAE04EC0-301F-11D3-BF4B-00C04F79EFBC}") = "Lab0506", "Lab0506\Lab0506.csproj", "{AC3B76F8-68E1-4659-BBA3-A51FD83BE041}"
EndProject
Project("{FAE04EC0-301F-11D3-BF4B-00C04F79EFBC}") = "Lab0509", "Lab0509\Lab0509.csproj", "{A10228FE-46BF-4641-937F-98E8233958C7}"
EndProject
Project("{9A19103F-16F7-4668-BE54-9A1E7A4F7556}") = "Lab0516_討論關鍵字", "Lab0516_討論關鍵字\Lab0516_討論關鍵字.csproj", "{F1F2310E-DFF1-466D-9D6B-FEF5A3AF8E78}"
EndProject
Project("{FAE04EC0-301F-11D3-BF4B-00C04F79EFBC}") = "Lab0516_form", "Lab0516\Lab0516_form.csproj", "{1779DA3E-FCE0-470A-BA79-CF4E0C6049AE}"
EndProject
Project("{FAE04EC0-301F-11D3-BF4B-00C04F79EFBC}") = "Lab0517_form", "Lab0517_form\Lab0517_form.csproj", "{C9503DD5-B597-4DBA-A0F4-1B635F442359}"
EndProject
Project("{9A19103F-16F7-4668-BE54-9A1E7A4F7556}") = "Lab0518_morning_test", "test\Lab0518_morning_test.csproj", "{86936562-FFCA-4065-B29E-20504650AE4D}"
EndProject
Project("{FAE04EC0-301F-11D3-BF4B-00C04F79EFBC}") = "Lab0518_form", "Lab0518_form\Lab0518_form.csproj", "{414C358C-6428-48EF-A1B3-B05814BFDC2D}"
EndProject
Project("{FAE04EC0-301F-11D3-BF4B-00C04F79EFBC}") = "Lab0519_form", "Lab0519_form\Lab0519_form.csproj", "{3CD3EDCE-635A-42A0-8548-772F01C6F8DF}"
EndProject
Project("{FAE04EC0-301F-11D3-BF4B-00C04F79EFBC}") = "Lab0519_login", "Lab0519_login\Lab0519_login.csproj", "{3C22817F-BE83-405F-A5FA-592CBE33346C}"
EndProject
Project("{FAE04EC0-301F-11D3-BF4B-00C04F79EFBC}") = "Lab0522_select_update", "Lab0522_form\Lab0522_select_update.csproj", "{96CCB536-87B9-4FB2-A51E-19E82474461E}"
EndProject
Project("{FAE04EC0-301F-11D3-BF4B-00C04F79EFBC}") = "Lab0523_MyDBHelper", "Lab0523_MyDBHelper\Lab0523_MyDBHelper.csproj", "{9F317F61-765B-4472-B487-4710CCA13E99}"
EndProject
Project("{9A19103F-16F7-4668-BE54-9A1E7A4F7556}") = "Lab0523_NewKeyword", "Lab0523_NewKeyword\Lab0523_NewKeyword.csproj", "{E6D257D0-50DE-48C8-B154-96BA3AA7487A}"
EndProject
Project("{FAE04EC0-301F-11D3-BF4B-00C04F79EFBC}") = "dataTableWithConstraint", "dataTable\dataTableWithConstraint.csproj", "{0EADA546-00FB-46EE-A0FD-8E88592063AE}"
EndProject
Project("{FAE04EC0-301F-11D3-BF4B-00C04F79EFBC}") = "multiAdapter", "multiAdapter\multiAdapter.csproj", "{E7DE25CE-50AB-4EC6-B205-55F9E430C4B8}"
EndProject
Project("{FAE04EC0-301F-11D3-BF4B-00C04F79EFBC}") = "DataViewExample", "DataViewExample\DataViewExample.csproj", "{783B563F-C4B5-4A6D-B8B2-D0C56573CA46}"
EndProject
Project("{FAE04EC0-301F-11D3-BF4B-00C04F79EFBC}") = "AdoDelete", "AdoDelete\AdoDelete.csproj", "{2693D441-639A-4592-9D0C-7C96B9E84208}"
EndProject
Project("{FAE04EC0-301F-11D3-BF4B-00C04F79EFBC}") = "Online_Understand_DataSet", "Online_Understand_DataSet\Online_Understand_DataSet.csproj", "{32DB1D78-BE2C-4748-8044-3243837F1CE9}"
EndProject
Project("{FAE04EC0-301F-11D3-BF4B-00C04F79EFBC}") = "CRUD_ADO_NET", "CRUD_ADO_NET\CRUD_ADO_NET.csproj", "{B4C6FB73-C6D8-4A01-B0AA-DD4CEFBADDF9}"
EndProject
Global
	GlobalSection(SolutionConfigurationPlatforms) = preSolution
		Debug|Any CPU = Debug|Any CPU
		Release|Any CPU = Release|Any CPU
	EndGlobalSection
	GlobalSection(ProjectConfigurationPlatforms) = postSolution
		{21385312-4852-484C-BB8B-E489109CCACC}.Debug|Any CPU.ActiveCfg = Debug|Any CPU
		{21385312-4852-484C-BB8B-E489109CCACC}.Debug|Any CPU.Build.0 = Debug|Any CPU
		{21385312-4852-484C-BB8B-E489109CCACC}.Release|Any CPU.ActiveCfg = Release|Any CPU
		{21385312-4852-484C-BB8B-E489109CCACC}.Release|Any CPU.Build.0 = Release|Any CPU
		{72FDC971-AE21-4422-BE29-A8DC5455C2AF}.Debug|Any CPU.ActiveCfg = Debug|Any CPU
		{72FDC971-AE21-4422-BE29-A8DC5455C2AF}.Debug|Any CPU.Build.0 = Debug|Any CPU
		{72FDC971-AE21-4422-BE29-A8DC5455C2AF}.Release|Any CPU.ActiveCfg = Release|Any CPU
		{72FDC971-AE21-4422-BE29-A8DC5455C2AF}.Release|Any CPU.Build.0 = Release|Any CPU
		{3383E42E-7978-492E-BCFA-8F527095A1B6}.Debug|Any CPU.ActiveCfg = Debug|Any CPU
		{3383E42E-7978-492E-BCFA-8F527095A1B6}.Debug|Any CPU.Build.0 = Debug|Any CPU
		{3383E42E-7978-492E-BCFA-8F527095A1B6}.Release|Any CPU.ActiveCfg = Release|Any CPU
		{3383E42E-7978-492E-BCFA-8F527095A1B6}.Release|Any CPU.Build.0 = Release|Any CPU
		{F6F0B6D4-DB3E-44E9-91A1-75957F00BF55}.Debug|Any CPU.ActiveCfg = Debug|Any CPU
		{F6F0B6D4-DB3E-44E9-91A1-75957F00BF55}.Debug|Any CPU.Build.0 = Debug|Any CPU
		{F6F0B6D4-DB3E-44E9-91A1-75957F00BF55}.Release|Any CPU.ActiveCfg = Release|Any CPU
		{F6F0B6D4-DB3E-44E9-91A1-75957F00BF55}.Release|Any CPU.Build.0 = Release|Any CPU
		{AC3B76F8-68E1-4659-BBA3-A51FD83BE041}.Debug|Any CPU.ActiveCfg = Debug|Any CPU
		{AC3B76F8-68E1-4659-BBA3-A51FD83BE041}.Debug|Any CPU.Build.0 = Debug|Any CPU
		{AC3B76F8-68E1-4659-BBA3-A51FD83BE041}.Release|Any CPU.ActiveCfg = Release|Any CPU
		{AC3B76F8-68E1-4659-BBA3-A51FD83BE041}.Release|Any CPU.Build.0 = Release|Any CPU
		{A10228FE-46BF-4641-937F-98E8233958C7}.Debug|Any CPU.ActiveCfg = Debug|Any CPU
		{A10228FE-46BF-4641-937F-98E8233958C7}.Debug|Any CPU.Build.0 = Debug|Any CPU
		{A10228FE-46BF-4641-937F-98E8233958C7}.Release|Any CPU.ActiveCfg = Release|Any CPU
		{A10228FE-46BF-4641-937F-98E8233958C7}.Release|Any CPU.Build.0 = Release|Any CPU
		{F1F2310E-DFF1-466D-9D6B-FEF5A3AF8E78}.Debug|Any CPU.ActiveCfg = Debug|Any CPU
		{F1F2310E-DFF1-466D-9D6B-FEF5A3AF8E78}.Debug|Any CPU.Build.0 = Debug|Any CPU
		{F1F2310E-DFF1-466D-9D6B-FEF5A3AF8E78}.Release|Any CPU.ActiveCfg = Release|Any CPU
		{F1F2310E-DFF1-466D-9D6B-FEF5A3AF8E78}.Release|Any CPU.Build.0 = Release|Any CPU
		{1779DA3E-FCE0-470A-BA79-CF4E0C6049AE}.Debug|Any CPU.ActiveCfg = Debug|Any CPU
		{1779DA3E-FCE0-470A-BA79-CF4E0C6049AE}.Debug|Any CPU.Build.0 = Debug|Any CPU
		{1779DA3E-FCE0-470A-BA79-CF4E0C6049AE}.Release|Any CPU.ActiveCfg = Release|Any CPU
		{1779DA3E-FCE0-470A-BA79-CF4E0C6049AE}.Release|Any CPU.Build.0 = Release|Any CPU
		{C9503DD5-B597-4DBA-A0F4-1B635F442359}.Debug|Any CPU.ActiveCfg = Debug|Any CPU
		{C9503DD5-B597-4DBA-A0F4-1B635F442359}.Debug|Any CPU.Build.0 = Debug|Any CPU
		{C9503DD5-B597-4DBA-A0F4-1B635F442359}.Release|Any CPU.ActiveCfg = Release|Any CPU
		{C9503DD5-B597-4DBA-A0F4-1B635F442359}.Release|Any CPU.Build.0 = Release|Any CPU
		{86936562-FFCA-4065-B29E-20504650AE4D}.Debug|Any CPU.ActiveCfg = Debug|Any CPU
		{86936562-FFCA-4065-B29E-20504650AE4D}.Debug|Any CPU.Build.0 = Debug|Any CPU
		{86936562-FFCA-4065-B29E-20504650AE4D}.Release|Any CPU.ActiveCfg = Release|Any CPU
		{86936562-FFCA-4065-B29E-20504650AE4D}.Release|Any CPU.Build.0 = Release|Any CPU
		{414C358C-6428-48EF-A1B3-B05814BFDC2D}.Debug|Any CPU.ActiveCfg = Debug|Any CPU
		{414C358C-6428-48EF-A1B3-B05814BFDC2D}.Debug|Any CPU.Build.0 = Debug|Any CPU
		{414C358C-6428-48EF-A1B3-B05814BFDC2D}.Release|Any CPU.ActiveCfg = Release|Any CPU
		{414C358C-6428-48EF-A1B3-B05814BFDC2D}.Release|Any CPU.Build.0 = Release|Any CPU
		{3CD3EDCE-635A-42A0-8548-772F01C6F8DF}.Debug|Any CPU.ActiveCfg = Debug|Any CPU
		{3CD3EDCE-635A-42A0-8548-772F01C6F8DF}.Debug|Any CPU.Build.0 = Debug|Any CPU
		{3CD3EDCE-635A-42A0-8548-772F01C6F8DF}.Release|Any CPU.ActiveCfg = Release|Any CPU
		{3CD3EDCE-635A-42A0-8548-772F01C6F8DF}.Release|Any CPU.Build.0 = Release|Any CPU
		{3C22817F-BE83-405F-A5FA-592CBE33346C}.Debug|Any CPU.ActiveCfg = Debug|Any CPU
		{3C22817F-BE83-405F-A5FA-592CBE33346C}.Debug|Any CPU.Build.0 = Debug|Any CPU
		{3C22817F-BE83-405F-A5FA-592CBE33346C}.Release|Any CPU.ActiveCfg = Release|Any CPU
		{3C22817F-BE83-405F-A5FA-592CBE33346C}.Release|Any CPU.Build.0 = Release|Any CPU
		{96CCB536-87B9-4FB2-A51E-19E82474461E}.Debug|Any CPU.ActiveCfg = Debug|Any CPU
		{96CCB536-87B9-4FB2-A51E-19E82474461E}.Debug|Any CPU.Build.0 = Debug|Any CPU
		{96CCB536-87B9-4FB2-A51E-19E82474461E}.Release|Any CPU.ActiveCfg = Release|Any CPU
		{96CCB536-87B9-4FB2-A51E-19E82474461E}.Release|Any CPU.Build.0 = Release|Any CPU
		{9F317F61-765B-4472-B487-4710CCA13E99}.Debug|Any CPU.ActiveCfg = Debug|Any CPU
		{9F317F61-765B-4472-B487-4710CCA13E99}.Debug|Any CPU.Build.0 = Debug|Any CPU
		{9F317F61-765B-4472-B487-4710CCA13E99}.Release|Any CPU.ActiveCfg = Release|Any CPU
		{9F317F61-765B-4472-B487-4710CCA13E99}.Release|Any CPU.Build.0 = Release|Any CPU
		{E6D257D0-50DE-48C8-B154-96BA3AA7487A}.Debug|Any CPU.ActiveCfg = Debug|Any CPU
		{E6D257D0-50DE-48C8-B154-96BA3AA7487A}.Debug|Any CPU.Build.0 = Debug|Any CPU
		{E6D257D0-50DE-48C8-B154-96BA3AA7487A}.Release|Any CPU.ActiveCfg = Release|Any CPU
		{E6D257D0-50DE-48C8-B154-96BA3AA7487A}.Release|Any CPU.Build.0 = Release|Any CPU
		{0EADA546-00FB-46EE-A0FD-8E88592063AE}.Debug|Any CPU.ActiveCfg = Debug|Any CPU
		{0EADA546-00FB-46EE-A0FD-8E88592063AE}.Debug|Any CPU.Build.0 = Debug|Any CPU
		{0EADA546-00FB-46EE-A0FD-8E88592063AE}.Release|Any CPU.ActiveCfg = Release|Any CPU
		{0EADA546-00FB-46EE-A0FD-8E88592063AE}.Release|Any CPU.Build.0 = Release|Any CPU
		{E7DE25CE-50AB-4EC6-B205-55F9E430C4B8}.Debug|Any CPU.ActiveCfg = Debug|Any CPU
		{E7DE25CE-50AB-4EC6-B205-55F9E430C4B8}.Debug|Any CPU.Build.0 = Debug|Any CPU
		{E7DE25CE-50AB-4EC6-B205-55F9E430C4B8}.Release|Any CPU.ActiveCfg = Release|Any CPU
		{E7DE25CE-50AB-4EC6-B205-55F9E430C4B8}.Release|Any CPU.Build.0 = Release|Any CPU
		{783B563F-C4B5-4A6D-B8B2-D0C56573CA46}.Debug|Any CPU.ActiveCfg = Debug|Any CPU
		{783B563F-C4B5-4A6D-B8B2-D0C56573CA46}.Debug|Any CPU.Build.0 = Debug|Any CPU
		{783B563F-C4B5-4A6D-B8B2-D0C56573CA46}.Release|Any CPU.ActiveCfg = Release|Any CPU
		{783B563F-C4B5-4A6D-B8B2-D0C56573CA46}.Release|Any CPU.Build.0 = Release|Any CPU
		{2693D441-639A-4592-9D0C-7C96B9E84208}.Debug|Any CPU.ActiveCfg = Debug|Any CPU
		{2693D441-639A-4592-9D0C-7C96B9E84208}.Debug|Any CPU.Build.0 = Debug|Any CPU
		{2693D441-639A-4592-9D0C-7C96B9E84208}.Release|Any CPU.ActiveCfg = Release|Any CPU
		{2693D441-639A-4592-9D0C-7C96B9E84208}.Release|Any CPU.Build.0 = Release|Any CPU
		{32DB1D78-BE2C-4748-8044-3243837F1CE9}.Debug|Any CPU.ActiveCfg = Debug|Any CPU
		{32DB1D78-BE2C-4748-8044-3243837F1CE9}.Debug|Any CPU.Build.0 = Debug|Any CPU
		{32DB1D78-BE2C-4748-8044-3243837F1CE9}.Release|Any CPU.ActiveCfg = Release|Any CPU
		{32DB1D78-BE2C-4748-8044-3243837F1CE9}.Release|Any CPU.Build.0 = Release|Any CPU
		{B4C6FB73-C6D8-4A01-B0AA-DD4CEFBADDF9}.Debug|Any CPU.ActiveCfg = Debug|Any CPU
		{B4C6FB73-C6D8-4A01-B0AA-DD4CEFBADDF9}.Debug|Any CPU.Build.0 = Debug|Any CPU
		{B4C6FB73-C6D8-4A01-B0AA-DD4CEFBADDF9}.Release|Any CPU.ActiveCfg = Release|Any CPU
		{B4C6FB73-C6D8-4A01-B0AA-DD4CEFBADDF9}.Release|Any CPU.Build.0 = Release|Any CPU
	EndGlobalSection
	GlobalSection(SolutionProperties) = preSolution
		HideSolutionNode = FALSE
	EndGlobalSection
	GlobalSection(ExtensibilityGlobals) = postSolution
		SolutionGuid = {6DEEAA90-5CC2-4912-8451-6818ADCC361C}
	EndGlobalSection
EndGlobal
