
Microsoft Visual Studio Solution File, Format Version 12.00
# Visual Studio Version 17
VisualStudioVersion = 17.6.33829.357
MinimumVisualStudioVersion = 10.0.40219.1
Project("{FAE04EC0-301F-11D3-BF4B-00C04F79EFBC}") = "Csharp_for_profession", "Csharp_for_profession\Csharp_for_profession.csproj", "{573E6A3D-0FF0-424B-AC6B-CC4C497D6DBB}"
EndProject
Global
	GlobalSection(SolutionConfigurationPlatforms) = preSolution
		Debug|Any CPU = Debug|Any CPU
		Release|Any CPU = Release|Any CPU
	EndGlobalSection
	GlobalSection(ProjectConfigurationPlatforms) = postSolution
		{573E6A3D-0FF0-424B-AC6B-CC4C497D6DBB}.Debug|Any CPU.ActiveCfg = Debug|Any CPU
		{573E6A3D-0FF0-424B-AC6B-CC4C497D6DBB}.Debug|Any CPU.Build.0 = Debug|Any CPU
		{573E6A3D-0FF0-424B-AC6B-CC4C497D6DBB}.Release|Any CPU.ActiveCfg = Release|Any CPU
		{573E6A3D-0FF0-424B-AC6B-CC4C497D6DBB}.Release|Any CPU.Build.0 = Release|Any CPU
	EndGlobalSection
	GlobalSection(SolutionProperties) = preSolution
		HideSolutionNode = FALSE
	EndGlobalSection
	GlobalSection(ExtensibilityGlobals) = postSolution
		SolutionGuid = {C7109FB0-B701-4B3F-8735-BB45EAD01048}
	EndGlobalSection
EndGlobal
