
Microsoft Visual Studio Solution File, Format Version 12.00
# Visual Studio Version 17
VisualStudioVersion = 17.5.33627.172
MinimumVisualStudioVersion = 10.0.40219.1
Project("{FAE04EC0-301F-11D3-BF4B-00C04F79EFBC}") = "wesleyMVC", "wesleyMVC\wesleyMVC.csproj", "{44E6DE87-0D8B-4266-9B80-D2B55E6393A7}"
EndProject
Global
	GlobalSection(SolutionConfigurationPlatforms) = preSolution
		Debug|Any CPU = Debug|Any CPU
		Release|Any CPU = Release|Any CPU
	EndGlobalSection
	GlobalSection(ProjectConfigurationPlatforms) = postSolution
		{44E6DE87-0D8B-4266-9B80-D2B55E6393A7}.Debug|Any CPU.ActiveCfg = Debug|Any CPU
		{44E6DE87-0D8B-4266-9B80-D2B55E6393A7}.Debug|Any CPU.Build.0 = Debug|Any CPU
		{44E6DE87-0D8B-4266-9B80-D2B55E6393A7}.Release|Any CPU.ActiveCfg = Release|Any CPU
		{44E6DE87-0D8B-4266-9B80-D2B55E6393A7}.Release|Any CPU.Build.0 = Release|Any CPU
	EndGlobalSection
	GlobalSection(SolutionProperties) = preSolution
		HideSolutionNode = FALSE
	EndGlobalSection
	GlobalSection(ExtensibilityGlobals) = postSolution
		SolutionGuid = {EB39BFF7-12AF-46AB-986B-2B5015658B2D}
	EndGlobalSection
EndGlobal
