
Microsoft Visual Studio Solution File, Format Version 12.00
# Visual Studio Version 16
VisualStudioVersion = 16.0.31205.134
MinimumVisualStudioVersion = 10.0.40219.1
Project("{FAE04EC0-301F-11D3-BF4B-00C04F79EFBC}") = "Lab_View_Razor", "Lab_View_Razor\Lab_View_Razor.csproj", "{2CB4EF0E-80A6-4DB5-9C63-E1C51ED3EE2D}"
EndProject
Global
	GlobalSection(SolutionConfigurationPlatforms) = preSolution
		Debug|Any CPU = Debug|Any CPU
		Release|Any CPU = Release|Any CPU
	EndGlobalSection
	GlobalSection(ProjectConfigurationPlatforms) = postSolution
		{2CB4EF0E-80A6-4DB5-9C63-E1C51ED3EE2D}.Debug|Any CPU.ActiveCfg = Debug|Any CPU
		{2CB4EF0E-80A6-4DB5-9C63-E1C51ED3EE2D}.Debug|Any CPU.Build.0 = Debug|Any CPU
		{2CB4EF0E-80A6-4DB5-9C63-E1C51ED3EE2D}.Release|Any CPU.ActiveCfg = Release|Any CPU
		{2CB4EF0E-80A6-4DB5-9C63-E1C51ED3EE2D}.Release|Any CPU.Build.0 = Release|Any CPU
	EndGlobalSection
	GlobalSection(SolutionProperties) = preSolution
		HideSolutionNode = FALSE
	EndGlobalSection
	GlobalSection(ExtensibilityGlobals) = postSolution
		SolutionGuid = {D424ECA7-3F76-4BD0-95F2-B7530DC8BA15}
	EndGlobalSection
EndGlobal
