
Microsoft Visual Studio Solution File, Format Version 12.00
# Visual Studio Version 17
VisualStudioVersion = 17.6.33829.357
MinimumVisualStudioVersion = 10.0.40219.1
Project("{9A19103F-16F7-4668-BE54-9A1E7A4F7556}") = "CshAlgo", "CshAlgo.csproj", "{FB46CBFA-400C-47F7-880D-2750F68CD236}"
EndProject
Global
	GlobalSection(SolutionConfigurationPlatforms) = preSolution
		Debug|Any CPU = Debug|Any CPU
		Release|Any CPU = Release|Any CPU
	EndGlobalSection
	GlobalSection(ProjectConfigurationPlatforms) = postSolution
		{FB46CBFA-400C-47F7-880D-2750F68CD236}.Debug|Any CPU.ActiveCfg = Debug|Any CPU
		{FB46CBFA-400C-47F7-880D-2750F68CD236}.Debug|Any CPU.Build.0 = Debug|Any CPU
		{FB46CBFA-400C-47F7-880D-2750F68CD236}.Release|Any CPU.ActiveCfg = Release|Any CPU
		{FB46CBFA-400C-47F7-880D-2750F68CD236}.Release|Any CPU.Build.0 = Release|Any CPU
	EndGlobalSection
	GlobalSection(SolutionProperties) = preSolution
		HideSolutionNode = FALSE
	EndGlobalSection
	GlobalSection(ExtensibilityGlobals) = postSolution
		SolutionGuid = {9E4B9338-DB3D-45D2-95B6-D9816273F9A7}
	EndGlobalSection
EndGlobal
