
Microsoft Visual Studio Solution File, Format Version 12.00
# Visual Studio Version 17
VisualStudioVersion = 17.6.33815.320
MinimumVisualStudioVersion = 10.0.40219.1
Project("{FAE04EC0-301F-11D3-BF4B-00C04F79EFBC}") = "jwt_test", "jwt_test\jwt_test.csproj", "{A7C60905-6EE4-4563-B380-6A19AA926605}"
EndProject
Global
	GlobalSection(SolutionConfigurationPlatforms) = preSolution
		Debug|Any CPU = Debug|Any CPU
		Release|Any CPU = Release|Any CPU
	EndGlobalSection
	GlobalSection(ProjectConfigurationPlatforms) = postSolution
		{A7C60905-6EE4-4563-B380-6A19AA926605}.Debug|Any CPU.ActiveCfg = Debug|Any CPU
		{A7C60905-6EE4-4563-B380-6A19AA926605}.Debug|Any CPU.Build.0 = Debug|Any CPU
		{A7C60905-6EE4-4563-B380-6A19AA926605}.Release|Any CPU.ActiveCfg = Release|Any CPU
		{A7C60905-6EE4-4563-B380-6A19AA926605}.Release|Any CPU.Build.0 = Release|Any CPU
	EndGlobalSection
	GlobalSection(SolutionProperties) = preSolution
		HideSolutionNode = FALSE
	EndGlobalSection
	GlobalSection(ExtensibilityGlobals) = postSolution
		SolutionGuid = {35D06A1A-8B04-4E6C-962C-CA468E8D2078}
	EndGlobalSection
EndGlobal
