
Microsoft Visual Studio Solution File, Format Version 12.00
# Visual Studio Version 17
VisualStudioVersion = 17.6.33829.357
MinimumVisualStudioVersion = 10.0.40219.1
Project("{9A19103F-16F7-4668-BE54-9A1E7A4F7556}") = "LinkList", "LinkList\LinkList.csproj", "{354A9124-EDD3-4541-AC14-FB6662CC578D}"
EndProject
Project("{FAE04EC0-301F-11D3-BF4B-00C04F79EFBC}") = "Tree", "TreeNode\Tree.csproj", "{4AFF5EBC-6810-4DC4-944F-05C1A33A05D9}"
EndProject
Global
	GlobalSection(SolutionConfigurationPlatforms) = preSolution
		Debug|Any CPU = Debug|Any CPU
		Release|Any CPU = Release|Any CPU
	EndGlobalSection
	GlobalSection(ProjectConfigurationPlatforms) = postSolution
		{354A9124-EDD3-4541-AC14-FB6662CC578D}.Debug|Any CPU.ActiveCfg = Debug|Any CPU
		{354A9124-EDD3-4541-AC14-FB6662CC578D}.Debug|Any CPU.Build.0 = Debug|Any CPU
		{354A9124-EDD3-4541-AC14-FB6662CC578D}.Release|Any CPU.ActiveCfg = Release|Any CPU
		{354A9124-EDD3-4541-AC14-FB6662CC578D}.Release|Any CPU.Build.0 = Release|Any CPU
		{4AFF5EBC-6810-4DC4-944F-05C1A33A05D9}.Debug|Any CPU.ActiveCfg = Debug|Any CPU
		{4AFF5EBC-6810-4DC4-944F-05C1A33A05D9}.Debug|Any CPU.Build.0 = Debug|Any CPU
		{4AFF5EBC-6810-4DC4-944F-05C1A33A05D9}.Release|Any CPU.ActiveCfg = Release|Any CPU
		{4AFF5EBC-6810-4DC4-944F-05C1A33A05D9}.Release|Any CPU.Build.0 = Release|Any CPU
	EndGlobalSection
	GlobalSection(SolutionProperties) = preSolution
		HideSolutionNode = FALSE
	EndGlobalSection
	GlobalSection(ExtensibilityGlobals) = postSolution
		SolutionGuid = {E31609B3-542A-4BC2-BDD7-700D37FBEC1A}
	EndGlobalSection
EndGlobal
