
Microsoft Visual Studio Solution File, Format Version 12.00
# Visual Studio Version 17
VisualStudioVersion = 17.6.33829.357
MinimumVisualStudioVersion = 10.0.40219.1
Project("{FAE04EC0-301F-11D3-BF4B-00C04F79EFBC}") = "three_Layer", "three_Layer\three_Layer.csproj", "{D354B7D7-CE87-46CF-82DF-F1B23B3CB396}"
EndProject
Global
	GlobalSection(SolutionConfigurationPlatforms) = preSolution
		Debug|Any CPU = Debug|Any CPU
		Release|Any CPU = Release|Any CPU
	EndGlobalSection
	GlobalSection(ProjectConfigurationPlatforms) = postSolution
		{D354B7D7-CE87-46CF-82DF-F1B23B3CB396}.Debug|Any CPU.ActiveCfg = Debug|Any CPU
		{D354B7D7-CE87-46CF-82DF-F1B23B3CB396}.Debug|Any CPU.Build.0 = Debug|Any CPU
		{D354B7D7-CE87-46CF-82DF-F1B23B3CB396}.Release|Any CPU.ActiveCfg = Release|Any CPU
		{D354B7D7-CE87-46CF-82DF-F1B23B3CB396}.Release|Any CPU.Build.0 = Release|Any CPU
	EndGlobalSection
	GlobalSection(SolutionProperties) = preSolution
		HideSolutionNode = FALSE
	EndGlobalSection
	GlobalSection(ExtensibilityGlobals) = postSolution
		SolutionGuid = {7627EEB9-4525-49C8-9563-2749D277D8FD}
	EndGlobalSection
EndGlobal
